
Microsoft Visual Studio Solution File, Format Version 12.00
# Visual Studio Version 16
VisualStudioVersion = 16.0.30114.105
MinimumVisualStudioVersion = 10.0.40219.1
Project("{9A19103F-16F7-4668-BE54-9A1E7A4F7556}") = "WritableJsonConfiguration", "src\WritableJsonConfiguration\WritableJsonConfiguration.csproj", "{2930065B-C2D9-43D2-A140-3DBD11C8C9C8}"
EndProject
Project("{2150E333-8FDC-42A3-9474-1A3956D46DE8}") = "Solution Items", "Solution Items", "{39500AAE-416D-4892-9350-E95490594AAC}"
	ProjectSection(SolutionItems) = preProject
		resources\JSON_logo.png = resources\JSON_logo.png
	EndProjectSection
EndProject
Global
	GlobalSection(SolutionConfigurationPlatforms) = preSolution
		Debug|Any CPU = Debug|Any CPU
		Release|Any CPU = Release|Any CPU
	EndGlobalSection
	GlobalSection(ProjectConfigurationPlatforms) = postSolution
		{2930065B-C2D9-43D2-A140-3DBD11C8C9C8}.Debug|Any CPU.ActiveCfg = Debug|Any CPU
		{2930065B-C2D9-43D2-A140-3DBD11C8C9C8}.Debug|Any CPU.Build.0 = Debug|Any CPU
		{2930065B-C2D9-43D2-A140-3DBD11C8C9C8}.Release|Any CPU.ActiveCfg = Release|Any CPU
		{2930065B-C2D9-43D2-A140-3DBD11C8C9C8}.Release|Any CPU.Build.0 = Release|Any CPU
	EndGlobalSection
	GlobalSection(SolutionProperties) = preSolution
		HideSolutionNode = FALSE
	EndGlobalSection
	GlobalSection(ExtensibilityGlobals) = postSolution
		SolutionGuid = {752C4689-8191-41A5-BB49-F25CE5A8AB3A}
	EndGlobalSection
EndGlobal
